// !$*UTF8*$!
{
	archiveVersion = 1;
	classes = {
	};
	objectVersion = 46;
	objects = {

/* Begin PBXBuildFile section */
		688AC347398B054DAA125B77 /* TemplateService.m in Sources */ = {isa = PBXBuildFile; fileRef = 688AC210A40AFE08B286C0E0 /* TemplateService.m */; };
		688AC996AE871D14D9B9F9DB /* Template.m in Sources */ = {isa = PBXBuildFile; fileRef = 688ACF8500AD951B6E314761 /* Template.m */; };
		7E06597816E96EB200FE6432 /* FeedViewController.m in Sources */ = {isa = PBXBuildFile; fileRef = 7E06597616E96EB200FE6432 /* FeedViewController.m */; };
		7E06597916E96EB200FE6432 /* FeedViewController.xib in Resources */ = {isa = PBXBuildFile; fileRef = 7E06597716E96EB200FE6432 /* FeedViewController.xib */; };
		7E06597C16E972A000FE6432 /* PhotoCollectionViewCell.m in Sources */ = {isa = PBXBuildFile; fileRef = 7E06597B16E972A000FE6432 /* PhotoCollectionViewCell.m */; };
		7E06598116E9765300FE6432 /* drunk3.jpg in Resources */ = {isa = PBXBuildFile; fileRef = 7E06597E16E9765300FE6432 /* drunk3.jpg */; };
		7E06598216E9765300FE6432 /* drunk2.jpg in Resources */ = {isa = PBXBuildFile; fileRef = 7E06597F16E9765300FE6432 /* drunk2.jpg */; };
		7E06598316E9765300FE6432 /* drunk1.jpg in Resources */ = {isa = PBXBuildFile; fileRef = 7E06598016E9765300FE6432 /* drunk1.jpg */; };
		D65C90C816E9523E00AF1002 /* CoreGraphics.framework in Frameworks */ = {isa = PBXBuildFile; fileRef = D6D7876E16E93CFE00E1F86B /* CoreGraphics.framework */; };
		D65C90D116E9581500AF1002 /* DrawingViewController.m in Sources */ = {isa = PBXBuildFile; fileRef = D65C90CF16E9581500AF1002 /* DrawingViewController.m */; };
		D65C90D216E9581500AF1002 /* DrawingViewController.xib in Resources */ = {isa = PBXBuildFile; fileRef = D65C90D016E9581500AF1002 /* DrawingViewController.xib */; };
		D65C90EC16E95C7800AF1002 /* AFHTTPClient.m in Sources */ = {isa = PBXBuildFile; fileRef = D65C90DA16E95C7800AF1002 /* AFHTTPClient.m */; };
		D65C90ED16E95C7800AF1002 /* AFHTTPRequestOperation.m in Sources */ = {isa = PBXBuildFile; fileRef = D65C90DC16E95C7800AF1002 /* AFHTTPRequestOperation.m */; };
		D65C90EE16E95C7800AF1002 /* AFImageRequestOperation.m in Sources */ = {isa = PBXBuildFile; fileRef = D65C90DE16E95C7800AF1002 /* AFImageRequestOperation.m */; };
		D65C90EF16E95C7800AF1002 /* AFJSONRequestOperation.m in Sources */ = {isa = PBXBuildFile; fileRef = D65C90E016E95C7800AF1002 /* AFJSONRequestOperation.m */; };
		D65C90F016E95C7800AF1002 /* AFNetworkActivityIndicatorManager.m in Sources */ = {isa = PBXBuildFile; fileRef = D65C90E216E95C7800AF1002 /* AFNetworkActivityIndicatorManager.m */; };
		D65C90F116E95C7800AF1002 /* AFPropertyListRequestOperation.m in Sources */ = {isa = PBXBuildFile; fileRef = D65C90E516E95C7800AF1002 /* AFPropertyListRequestOperation.m */; };
		D65C90F216E95C7800AF1002 /* AFURLConnectionOperation.m in Sources */ = {isa = PBXBuildFile; fileRef = D65C90E716E95C7800AF1002 /* AFURLConnectionOperation.m */; };
		D65C90F316E95C7800AF1002 /* AFXMLRequestOperation.m in Sources */ = {isa = PBXBuildFile; fileRef = D65C90E916E95C7800AF1002 /* AFXMLRequestOperation.m */; };
		D65C90F416E95C7800AF1002 /* UIImageView+AFNetworking.m in Sources */ = {isa = PBXBuildFile; fileRef = D65C90EB16E95C7800AF1002 /* UIImageView+AFNetworking.m */; };
		D65C90FA16E95C8E00AF1002 /* ACEDrawingTools.m in Sources */ = {isa = PBXBuildFile; fileRef = D65C90F716E95C8E00AF1002 /* ACEDrawingTools.m */; };
		D65C90FB16E95C8E00AF1002 /* ACEDrawingView.m in Sources */ = {isa = PBXBuildFile; fileRef = D65C90F916E95C8E00AF1002 /* ACEDrawingView.m */; };
		D65C90FD16E95EA000AF1002 /* SystemConfiguration.framework in Frameworks */ = {isa = PBXBuildFile; fileRef = D65C90FC16E95EA000AF1002 /* SystemConfiguration.framework */; };
		D65C90FF16E95EA600AF1002 /* MobileCoreServices.framework in Frameworks */ = {isa = PBXBuildFile; fileRef = D65C90FE16E95EA600AF1002 /* MobileCoreServices.framework */; };
		D65C911D16E9B98400AF1002 /* SenTestingKit.framework in Frameworks */ = {isa = PBXBuildFile; fileRef = D65C911C16E9B98400AF1002 /* SenTestingKit.framework */; };
		D65C911E16E9B98400AF1002 /* UIKit.framework in Frameworks */ = {isa = PBXBuildFile; fileRef = D6D7876A16E93CFE00E1F86B /* UIKit.framework */; };
		D65C911F16E9B98400AF1002 /* Foundation.framework in Frameworks */ = {isa = PBXBuildFile; fileRef = D6D7876C16E93CFE00E1F86B /* Foundation.framework */; };
		D65C912516E9B98400AF1002 /* InfoPlist.strings in Resources */ = {isa = PBXBuildFile; fileRef = D65C912316E9B98400AF1002 /* InfoPlist.strings */; };
		D65C912816E9B98400AF1002 /* DrunkSpottingTest.m in Sources */ = {isa = PBXBuildFile; fileRef = D65C912716E9B98400AF1002 /* DrunkSpottingTest.m */; };
		D6D7876B16E93CFE00E1F86B /* UIKit.framework in Frameworks */ = {isa = PBXBuildFile; fileRef = D6D7876A16E93CFE00E1F86B /* UIKit.framework */; };
		D6D7876D16E93CFE00E1F86B /* Foundation.framework in Frameworks */ = {isa = PBXBuildFile; fileRef = D6D7876C16E93CFE00E1F86B /* Foundation.framework */; };
		D6D7877516E93CFE00E1F86B /* InfoPlist.strings in Resources */ = {isa = PBXBuildFile; fileRef = D6D7877316E93CFE00E1F86B /* InfoPlist.strings */; };
		D6D7877716E93CFE00E1F86B /* main.m in Sources */ = {isa = PBXBuildFile; fileRef = D6D7877616E93CFE00E1F86B /* main.m */; };
		D6D7877B16E93CFE00E1F86B /* AppDelegate.m in Sources */ = {isa = PBXBuildFile; fileRef = D6D7877A16E93CFE00E1F86B /* AppDelegate.m */; };
		D6D7877D16E93CFE00E1F86B /* Default.png in Resources */ = {isa = PBXBuildFile; fileRef = D6D7877C16E93CFE00E1F86B /* Default.png */; };
		D6D7877F16E93CFE00E1F86B /* Default@2x.png in Resources */ = {isa = PBXBuildFile; fileRef = D6D7877E16E93CFE00E1F86B /* Default@2x.png */; };
		D6D7878116E93CFE00E1F86B /* Default-568h@2x.png in Resources */ = {isa = PBXBuildFile; fileRef = D6D7878016E93CFE00E1F86B /* Default-568h@2x.png */; };
		EF2A83A816E980C9003E17ED /* Picture.m in Sources */ = {isa = PBXBuildFile; fileRef = EF2A83A716E980C9003E17ED /* Picture.m */; };
/* End PBXBuildFile section */

/* Begin PBXFileReference section */
		688AC210A40AFE08B286C0E0 /* TemplateService.m */ = {isa = PBXFileReference; fileEncoding = 4; lastKnownFileType = sourcecode.c.objc; path = TemplateService.m; sourceTree = "<group>"; };
		688AC7D520B33C416CA9226E /* TemplateService.h */ = {isa = PBXFileReference; fileEncoding = 4; lastKnownFileType = sourcecode.c.h; path = TemplateService.h; sourceTree = "<group>"; };
		688ACCDE72D16D6D5E0CAE3E /* Template.h */ = {isa = PBXFileReference; fileEncoding = 4; lastKnownFileType = sourcecode.c.h; path = Template.h; sourceTree = "<group>"; };
		688ACF8500AD951B6E314761 /* Template.m */ = {isa = PBXFileReference; fileEncoding = 4; lastKnownFileType = sourcecode.c.objc; path = Template.m; sourceTree = "<group>"; };
		7E06597516E96EB200FE6432 /* FeedViewController.h */ = {isa = PBXFileReference; fileEncoding = 4; lastKnownFileType = sourcecode.c.h; path = FeedViewController.h; sourceTree = "<group>"; };
		7E06597616E96EB200FE6432 /* FeedViewController.m */ = {isa = PBXFileReference; fileEncoding = 4; lastKnownFileType = sourcecode.c.objc; path = FeedViewController.m; sourceTree = "<group>"; };
		7E06597716E96EB200FE6432 /* FeedViewController.xib */ = {isa = PBXFileReference; fileEncoding = 4; lastKnownFileType = file.xib; path = FeedViewController.xib; sourceTree = "<group>"; };
		7E06597A16E972A000FE6432 /* PhotoCollectionViewCell.h */ = {isa = PBXFileReference; fileEncoding = 4; lastKnownFileType = sourcecode.c.h; path = PhotoCollectionViewCell.h; sourceTree = "<group>"; };
		7E06597B16E972A000FE6432 /* PhotoCollectionViewCell.m */ = {isa = PBXFileReference; fileEncoding = 4; lastKnownFileType = sourcecode.c.objc; path = PhotoCollectionViewCell.m; sourceTree = "<group>"; };
		7E06597E16E9765300FE6432 /* drunk3.jpg */ = {isa = PBXFileReference; lastKnownFileType = image.jpeg; path = drunk3.jpg; sourceTree = "<group>"; };
		7E06597F16E9765300FE6432 /* drunk2.jpg */ = {isa = PBXFileReference; lastKnownFileType = image.jpeg; path = drunk2.jpg; sourceTree = "<group>"; };
		7E06598016E9765300FE6432 /* drunk1.jpg */ = {isa = PBXFileReference; lastKnownFileType = image.jpeg; path = drunk1.jpg; sourceTree = "<group>"; };
		D65C90C316E951B300AF1002 /* QuartzCore.framework */ = {isa = PBXFileReference; lastKnownFileType = wrapper.framework; name = QuartzCore.framework; path = System/Library/Frameworks/QuartzCore.framework; sourceTree = SDKROOT; };
		D65C90CE16E9581500AF1002 /* DrawingViewController.h */ = {isa = PBXFileReference; fileEncoding = 4; lastKnownFileType = sourcecode.c.h; path = DrawingViewController.h; sourceTree = "<group>"; };
		D65C90CF16E9581500AF1002 /* DrawingViewController.m */ = {isa = PBXFileReference; fileEncoding = 4; lastKnownFileType = sourcecode.c.objc; path = DrawingViewController.m; sourceTree = "<group>"; };
		D65C90D016E9581500AF1002 /* DrawingViewController.xib */ = {isa = PBXFileReference; fileEncoding = 4; lastKnownFileType = file.xib; path = DrawingViewController.xib; sourceTree = "<group>"; };
		D65C90D916E95C7800AF1002 /* AFHTTPClient.h */ = {isa = PBXFileReference; fileEncoding = 4; lastKnownFileType = sourcecode.c.h; path = AFHTTPClient.h; sourceTree = "<group>"; };
		D65C90DA16E95C7800AF1002 /* AFHTTPClient.m */ = {isa = PBXFileReference; fileEncoding = 4; lastKnownFileType = sourcecode.c.objc; path = AFHTTPClient.m; sourceTree = "<group>"; };
		D65C90DB16E95C7800AF1002 /* AFHTTPRequestOperation.h */ = {isa = PBXFileReference; fileEncoding = 4; lastKnownFileType = sourcecode.c.h; path = AFHTTPRequestOperation.h; sourceTree = "<group>"; };
		D65C90DC16E95C7800AF1002 /* AFHTTPRequestOperation.m */ = {isa = PBXFileReference; fileEncoding = 4; lastKnownFileType = sourcecode.c.objc; path = AFHTTPRequestOperation.m; sourceTree = "<group>"; };
		D65C90DD16E95C7800AF1002 /* AFImageRequestOperation.h */ = {isa = PBXFileReference; fileEncoding = 4; lastKnownFileType = sourcecode.c.h; path = AFImageRequestOperation.h; sourceTree = "<group>"; };
		D65C90DE16E95C7800AF1002 /* AFImageRequestOperation.m */ = {isa = PBXFileReference; fileEncoding = 4; lastKnownFileType = sourcecode.c.objc; path = AFImageRequestOperation.m; sourceTree = "<group>"; };
		D65C90DF16E95C7800AF1002 /* AFJSONRequestOperation.h */ = {isa = PBXFileReference; fileEncoding = 4; lastKnownFileType = sourcecode.c.h; path = AFJSONRequestOperation.h; sourceTree = "<group>"; };
		D65C90E016E95C7800AF1002 /* AFJSONRequestOperation.m */ = {isa = PBXFileReference; fileEncoding = 4; lastKnownFileType = sourcecode.c.objc; path = AFJSONRequestOperation.m; sourceTree = "<group>"; };
		D65C90E116E95C7800AF1002 /* AFNetworkActivityIndicatorManager.h */ = {isa = PBXFileReference; fileEncoding = 4; lastKnownFileType = sourcecode.c.h; path = AFNetworkActivityIndicatorManager.h; sourceTree = "<group>"; };
		D65C90E216E95C7800AF1002 /* AFNetworkActivityIndicatorManager.m */ = {isa = PBXFileReference; fileEncoding = 4; lastKnownFileType = sourcecode.c.objc; path = AFNetworkActivityIndicatorManager.m; sourceTree = "<group>"; };
		D65C90E316E95C7800AF1002 /* AFNetworking.h */ = {isa = PBXFileReference; fileEncoding = 4; lastKnownFileType = sourcecode.c.h; path = AFNetworking.h; sourceTree = "<group>"; };
		D65C90E416E95C7800AF1002 /* AFPropertyListRequestOperation.h */ = {isa = PBXFileReference; fileEncoding = 4; lastKnownFileType = sourcecode.c.h; path = AFPropertyListRequestOperation.h; sourceTree = "<group>"; };
		D65C90E516E95C7800AF1002 /* AFPropertyListRequestOperation.m */ = {isa = PBXFileReference; fileEncoding = 4; lastKnownFileType = sourcecode.c.objc; path = AFPropertyListRequestOperation.m; sourceTree = "<group>"; };
		D65C90E616E95C7800AF1002 /* AFURLConnectionOperation.h */ = {isa = PBXFileReference; fileEncoding = 4; lastKnownFileType = sourcecode.c.h; path = AFURLConnectionOperation.h; sourceTree = "<group>"; };
		D65C90E716E95C7800AF1002 /* AFURLConnectionOperation.m */ = {isa = PBXFileReference; fileEncoding = 4; lastKnownFileType = sourcecode.c.objc; path = AFURLConnectionOperation.m; sourceTree = "<group>"; };
		D65C90E816E95C7800AF1002 /* AFXMLRequestOperation.h */ = {isa = PBXFileReference; fileEncoding = 4; lastKnownFileType = sourcecode.c.h; path = AFXMLRequestOperation.h; sourceTree = "<group>"; };
		D65C90E916E95C7800AF1002 /* AFXMLRequestOperation.m */ = {isa = PBXFileReference; fileEncoding = 4; lastKnownFileType = sourcecode.c.objc; path = AFXMLRequestOperation.m; sourceTree = "<group>"; };
		D65C90EA16E95C7800AF1002 /* UIImageView+AFNetworking.h */ = {isa = PBXFileReference; fileEncoding = 4; lastKnownFileType = sourcecode.c.h; path = "UIImageView+AFNetworking.h"; sourceTree = "<group>"; };
		D65C90EB16E95C7800AF1002 /* UIImageView+AFNetworking.m */ = {isa = PBXFileReference; fileEncoding = 4; lastKnownFileType = sourcecode.c.objc; path = "UIImageView+AFNetworking.m"; sourceTree = "<group>"; };
		D65C90F616E95C8E00AF1002 /* ACEDrawingTools.h */ = {isa = PBXFileReference; fileEncoding = 4; lastKnownFileType = sourcecode.c.h; path = ACEDrawingTools.h; sourceTree = "<group>"; };
		D65C90F716E95C8E00AF1002 /* ACEDrawingTools.m */ = {isa = PBXFileReference; fileEncoding = 4; lastKnownFileType = sourcecode.c.objc; path = ACEDrawingTools.m; sourceTree = "<group>"; };
		D65C90F816E95C8E00AF1002 /* ACEDrawingView.h */ = {isa = PBXFileReference; fileEncoding = 4; lastKnownFileType = sourcecode.c.h; path = ACEDrawingView.h; sourceTree = "<group>"; };
		D65C90F916E95C8E00AF1002 /* ACEDrawingView.m */ = {isa = PBXFileReference; fileEncoding = 4; lastKnownFileType = sourcecode.c.objc; path = ACEDrawingView.m; sourceTree = "<group>"; };
		D65C90FC16E95EA000AF1002 /* SystemConfiguration.framework */ = {isa = PBXFileReference; lastKnownFileType = wrapper.framework; name = SystemConfiguration.framework; path = System/Library/Frameworks/SystemConfiguration.framework; sourceTree = SDKROOT; };
		D65C90FE16E95EA600AF1002 /* MobileCoreServices.framework */ = {isa = PBXFileReference; lastKnownFileType = wrapper.framework; name = MobileCoreServices.framework; path = System/Library/Frameworks/MobileCoreServices.framework; sourceTree = SDKROOT; };
		D65C911B16E9B98400AF1002 /* DrunkSpottingTest.octest */ = {isa = PBXFileReference; explicitFileType = wrapper.cfbundle; includeInIndex = 0; path = DrunkSpottingTest.octest; sourceTree = BUILT_PRODUCTS_DIR; };
		D65C911C16E9B98400AF1002 /* SenTestingKit.framework */ = {isa = PBXFileReference; lastKnownFileType = wrapper.framework; name = SenTestingKit.framework; path = Library/Frameworks/SenTestingKit.framework; sourceTree = DEVELOPER_DIR; };
		D65C912216E9B98400AF1002 /* DrunkSpottingTest-Info.plist */ = {isa = PBXFileReference; lastKnownFileType = text.plist.xml; path = "DrunkSpottingTest-Info.plist"; sourceTree = "<group>"; };
		D65C912416E9B98400AF1002 /* en */ = {isa = PBXFileReference; lastKnownFileType = text.plist.strings; name = en; path = en.lproj/InfoPlist.strings; sourceTree = "<group>"; };
		D65C912616E9B98400AF1002 /* DrunkSpottingTest.h */ = {isa = PBXFileReference; lastKnownFileType = sourcecode.c.h; path = DrunkSpottingTest.h; sourceTree = "<group>"; };
		D65C912716E9B98400AF1002 /* DrunkSpottingTest.m */ = {isa = PBXFileReference; lastKnownFileType = sourcecode.c.objc; path = DrunkSpottingTest.m; sourceTree = "<group>"; };
		D65C912916E9B98400AF1002 /* DrunkSpottingTest-Prefix.pch */ = {isa = PBXFileReference; lastKnownFileType = sourcecode.c.h; path = "DrunkSpottingTest-Prefix.pch"; sourceTree = "<group>"; };
		D6D7876616E93CFE00E1F86B /* DrunkSpotting.app */ = {isa = PBXFileReference; explicitFileType = wrapper.application; includeInIndex = 0; path = DrunkSpotting.app; sourceTree = BUILT_PRODUCTS_DIR; };
		D6D7876A16E93CFE00E1F86B /* UIKit.framework */ = {isa = PBXFileReference; includeInIndex = 1; lastKnownFileType = wrapper.framework; name = UIKit.framework; path = System/Library/Frameworks/UIKit.framework; sourceTree = SDKROOT; };
		D6D7876C16E93CFE00E1F86B /* Foundation.framework */ = {isa = PBXFileReference; includeInIndex = 1; lastKnownFileType = wrapper.framework; name = Foundation.framework; path = System/Library/Frameworks/Foundation.framework; sourceTree = SDKROOT; };
		D6D7876E16E93CFE00E1F86B /* CoreGraphics.framework */ = {isa = PBXFileReference; includeInIndex = 1; lastKnownFileType = wrapper.framework; name = CoreGraphics.framework; path = System/Library/Frameworks/CoreGraphics.framework; sourceTree = SDKROOT; };
		D6D7877216E93CFE00E1F86B /* DrunkSpotting-Info.plist */ = {isa = PBXFileReference; lastKnownFileType = text.plist.xml; path = "DrunkSpotting-Info.plist"; sourceTree = "<group>"; };
		D6D7877416E93CFE00E1F86B /* en */ = {isa = PBXFileReference; lastKnownFileType = text.plist.strings; name = en; path = en.lproj/InfoPlist.strings; sourceTree = "<group>"; };
		D6D7877616E93CFE00E1F86B /* main.m */ = {isa = PBXFileReference; lastKnownFileType = sourcecode.c.objc; path = main.m; sourceTree = "<group>"; };
		D6D7877816E93CFE00E1F86B /* DrunkSpotting-Prefix.pch */ = {isa = PBXFileReference; lastKnownFileType = sourcecode.c.h; path = "DrunkSpotting-Prefix.pch"; sourceTree = "<group>"; };
		D6D7877916E93CFE00E1F86B /* AppDelegate.h */ = {isa = PBXFileReference; lastKnownFileType = sourcecode.c.h; path = AppDelegate.h; sourceTree = "<group>"; };
		D6D7877A16E93CFE00E1F86B /* AppDelegate.m */ = {isa = PBXFileReference; lastKnownFileType = sourcecode.c.objc; path = AppDelegate.m; sourceTree = "<group>"; };
		D6D7877C16E93CFE00E1F86B /* Default.png */ = {isa = PBXFileReference; lastKnownFileType = image.png; path = Default.png; sourceTree = "<group>"; };
		D6D7877E16E93CFE00E1F86B /* Default@2x.png */ = {isa = PBXFileReference; lastKnownFileType = image.png; path = "Default@2x.png"; sourceTree = "<group>"; };
		D6D7878016E93CFE00E1F86B /* Default-568h@2x.png */ = {isa = PBXFileReference; lastKnownFileType = image.png; path = "Default-568h@2x.png"; sourceTree = "<group>"; };
		EF2A83A616E980C9003E17ED /* Picture.h */ = {isa = PBXFileReference; fileEncoding = 4; lastKnownFileType = sourcecode.c.h; name = Picture.h; path = Model/Picture.h; sourceTree = "<group>"; };
		EF2A83A716E980C9003E17ED /* Picture.m */ = {isa = PBXFileReference; fileEncoding = 4; lastKnownFileType = sourcecode.c.objc; name = Picture.m; path = Model/Picture.m; sourceTree = "<group>"; };
/* End PBXFileReference section */

/* Begin PBXFrameworksBuildPhase section */
		D65C911716E9B98400AF1002 /* Frameworks */ = {
			isa = PBXFrameworksBuildPhase;
			buildActionMask = 2147483647;
			files = (
				D65C911D16E9B98400AF1002 /* SenTestingKit.framework in Frameworks */,
				D65C911E16E9B98400AF1002 /* UIKit.framework in Frameworks */,
				D65C911F16E9B98400AF1002 /* Foundation.framework in Frameworks */,
			);
			runOnlyForDeploymentPostprocessing = 0;
		};
		D6D7876316E93CFE00E1F86B /* Frameworks */ = {
			isa = PBXFrameworksBuildPhase;
			buildActionMask = 2147483647;
			files = (
				D65C90FF16E95EA600AF1002 /* MobileCoreServices.framework in Frameworks */,
				D65C90FD16E95EA000AF1002 /* SystemConfiguration.framework in Frameworks */,
				D65C90C816E9523E00AF1002 /* CoreGraphics.framework in Frameworks */,
				D6D7876B16E93CFE00E1F86B /* UIKit.framework in Frameworks */,
				D6D7876D16E93CFE00E1F86B /* Foundation.framework in Frameworks */,
			);
			runOnlyForDeploymentPostprocessing = 0;
		};
/* End PBXFrameworksBuildPhase section */

/* Begin PBXGroup section */
		7E06597D16E9764800FE6432 /* test images */ = {
			isa = PBXGroup;
			children = (
				7E06597E16E9765300FE6432 /* drunk3.jpg */,
				7E06597F16E9765300FE6432 /* drunk2.jpg */,
				7E06598016E9765300FE6432 /* drunk1.jpg */,
			);
			name = "test images";
			sourceTree = "<group>";
		};
		D65C90D816E95C7800AF1002 /* AFNetworking */ = {
			isa = PBXGroup;
			children = (
				D65C90D916E95C7800AF1002 /* AFHTTPClient.h */,
				D65C90DA16E95C7800AF1002 /* AFHTTPClient.m */,
				D65C90DB16E95C7800AF1002 /* AFHTTPRequestOperation.h */,
				D65C90DC16E95C7800AF1002 /* AFHTTPRequestOperation.m */,
				D65C90DD16E95C7800AF1002 /* AFImageRequestOperation.h */,
				D65C90DE16E95C7800AF1002 /* AFImageRequestOperation.m */,
				D65C90DF16E95C7800AF1002 /* AFJSONRequestOperation.h */,
				D65C90E016E95C7800AF1002 /* AFJSONRequestOperation.m */,
				D65C90E116E95C7800AF1002 /* AFNetworkActivityIndicatorManager.h */,
				D65C90E216E95C7800AF1002 /* AFNetworkActivityIndicatorManager.m */,
				D65C90E316E95C7800AF1002 /* AFNetworking.h */,
				D65C90E416E95C7800AF1002 /* AFPropertyListRequestOperation.h */,
				D65C90E516E95C7800AF1002 /* AFPropertyListRequestOperation.m */,
				D65C90E616E95C7800AF1002 /* AFURLConnectionOperation.h */,
				D65C90E716E95C7800AF1002 /* AFURLConnectionOperation.m */,
				D65C90E816E95C7800AF1002 /* AFXMLRequestOperation.h */,
				D65C90E916E95C7800AF1002 /* AFXMLRequestOperation.m */,
				D65C90EA16E95C7800AF1002 /* UIImageView+AFNetworking.h */,
				D65C90EB16E95C7800AF1002 /* UIImageView+AFNetworking.m */,
			);
			name = AFNetworking;
			path = AFNetworking/AFNetworking;
			sourceTree = "<group>";
		};
		D65C90F516E95C8E00AF1002 /* ACEDrawingView */ = {
			isa = PBXGroup;
			children = (
				D65C90F616E95C8E00AF1002 /* ACEDrawingTools.h */,
				D65C90F716E95C8E00AF1002 /* ACEDrawingTools.m */,
				D65C90F816E95C8E00AF1002 /* ACEDrawingView.h */,
				D65C90F916E95C8E00AF1002 /* ACEDrawingView.m */,
			);
			name = ACEDrawingView;
			path = ACEDrawingView/ACEDrawingView;
			sourceTree = "<group>";
		};
		D65C912016E9B98400AF1002 /* DrunkSpottingTest */ = {
			isa = PBXGroup;
			children = (
				D65C912616E9B98400AF1002 /* DrunkSpottingTest.h */,
				D65C912716E9B98400AF1002 /* DrunkSpottingTest.m */,
				D65C912116E9B98400AF1002 /* Supporting Files */,
			);
			path = DrunkSpottingTest;
			sourceTree = "<group>";
		};
		D65C912116E9B98400AF1002 /* Supporting Files */ = {
			isa = PBXGroup;
			children = (
				D65C912216E9B98400AF1002 /* DrunkSpottingTest-Info.plist */,
				D65C912316E9B98400AF1002 /* InfoPlist.strings */,
				D65C912916E9B98400AF1002 /* DrunkSpottingTest-Prefix.pch */,
			);
			name = "Supporting Files";
			sourceTree = "<group>";
		};
		D6D7875B16E93CFE00E1F86B = {
			isa = PBXGroup;
			children = (
				D65C90FE16E95EA600AF1002 /* MobileCoreServices.framework */,
				D65C90FC16E95EA000AF1002 /* SystemConfiguration.framework */,
				D65C90C316E951B300AF1002 /* QuartzCore.framework */,
				D6D7877016E93CFE00E1F86B /* DrunkSpotting */,
				7E06597D16E9764800FE6432 /* test images */,
				D65C912016E9B98400AF1002 /* DrunkSpottingTest */,
				D6D7876916E93CFE00E1F86B /* Frameworks */,
				D6D7876716E93CFE00E1F86B /* Products */,
			);
			sourceTree = "<group>";
		};
		D6D7876716E93CFE00E1F86B /* Products */ = {
			isa = PBXGroup;
			children = (
				D6D7876616E93CFE00E1F86B /* DrunkSpotting.app */,
				D65C911B16E9B98400AF1002 /* DrunkSpottingTest.octest */,
			);
			name = Products;
			sourceTree = "<group>";
		};
		D6D7876916E93CFE00E1F86B /* Frameworks */ = {
			isa = PBXGroup;
			children = (
				D65C90F516E95C8E00AF1002 /* ACEDrawingView */,
				D65C90D816E95C7800AF1002 /* AFNetworking */,
				D6D7876A16E93CFE00E1F86B /* UIKit.framework */,
				D6D7876C16E93CFE00E1F86B /* Foundation.framework */,
				D6D7876E16E93CFE00E1F86B /* CoreGraphics.framework */,
				D65C911C16E9B98400AF1002 /* SenTestingKit.framework */,
			);
			name = Frameworks;
			sourceTree = "<group>";
		};
		D6D7877016E93CFE00E1F86B /* DrunkSpotting */ = {
			isa = PBXGroup;
			children = (
				EF2A83A416E9809B003E17ED /* Model */,
				D6D7877916E93CFE00E1F86B /* AppDelegate.h */,
				D6D7877A16E93CFE00E1F86B /* AppDelegate.m */,
				D6D7877116E93CFE00E1F86B /* Supporting Files */,
				D65C90CE16E9581500AF1002 /* DrawingViewController.h */,
				D65C90CF16E9581500AF1002 /* DrawingViewController.m */,
				D65C90D016E9581500AF1002 /* DrawingViewController.xib */,
				7E06597516E96EB200FE6432 /* FeedViewController.h */,
				7E06597616E96EB200FE6432 /* FeedViewController.m */,
				7E06597716E96EB200FE6432 /* FeedViewController.xib */,
				7E06597A16E972A000FE6432 /* PhotoCollectionViewCell.h */,
				7E06597B16E972A000FE6432 /* PhotoCollectionViewCell.m */,
				D65C90D016E9581500AF1002 /* DrawingViewController.xib */,
				688AC210A40AFE08B286C0E0 /* TemplateService.m */,
				688AC7D520B33C416CA9226E /* TemplateService.h */,
			);
			path = DrunkSpotting;
			sourceTree = "<group>";
		};
		D6D7877116E93CFE00E1F86B /* Supporting Files */ = {
			isa = PBXGroup;
			children = (
				D6D7877216E93CFE00E1F86B /* DrunkSpotting-Info.plist */,
				D6D7877316E93CFE00E1F86B /* InfoPlist.strings */,
				D6D7877616E93CFE00E1F86B /* main.m */,
				D6D7877816E93CFE00E1F86B /* DrunkSpotting-Prefix.pch */,
				D6D7877C16E93CFE00E1F86B /* Default.png */,
				D6D7877E16E93CFE00E1F86B /* Default@2x.png */,
				D6D7878016E93CFE00E1F86B /* Default-568h@2x.png */,
			);
			name = "Supporting Files";
			sourceTree = "<group>";
		};
		EF2A83A416E9809B003E17ED /* Model */ = {
			isa = PBXGroup;
			children = (
				EF2A83A616E980C9003E17ED /* Picture.h */,
				EF2A83A716E980C9003E17ED /* Picture.m */,
				688ACF8500AD951B6E314761 /* Template.m */,
				688ACCDE72D16D6D5E0CAE3E /* Template.h */,
			);
			name = Model;
			sourceTree = "<group>";
		};
/* End PBXGroup section */

/* Begin PBXNativeTarget section */
		D65C911A16E9B98400AF1002 /* DrunkSpottingTest */ = {
			isa = PBXNativeTarget;
			buildConfigurationList = D65C912A16E9B98400AF1002 /* Build configuration list for PBXNativeTarget "DrunkSpottingTest" */;
			buildPhases = (
				D65C911616E9B98400AF1002 /* Sources */,
				D65C911716E9B98400AF1002 /* Frameworks */,
				D65C911816E9B98400AF1002 /* Resources */,
				D65C911916E9B98400AF1002 /* ShellScript */,
			);
			buildRules = (
			);
			dependencies = (
			);
			name = DrunkSpottingTest;
			productName = DrunkSpottingTest;
			productReference = D65C911B16E9B98400AF1002 /* DrunkSpottingTest.octest */;
			productType = "com.apple.product-type.bundle";
		};
		D6D7876516E93CFE00E1F86B /* DrunkSpotting */ = {
			isa = PBXNativeTarget;
			buildConfigurationList = D6D7878416E93CFE00E1F86B /* Build configuration list for PBXNativeTarget "DrunkSpotting" */;
			buildPhases = (
				D6D7876216E93CFE00E1F86B /* Sources */,
				D6D7876316E93CFE00E1F86B /* Frameworks */,
				D6D7876416E93CFE00E1F86B /* Resources */,
			);
			buildRules = (
			);
			dependencies = (
			);
			name = DrunkSpotting;
			productName = DrunkSpotting;
			productReference = D6D7876616E93CFE00E1F86B /* DrunkSpotting.app */;
			productType = "com.apple.product-type.application";
		};
/* End PBXNativeTarget section */

/* Begin PBXProject section */
		D6D7875D16E93CFE00E1F86B /* Project object */ = {
			isa = PBXProject;
			attributes = {
				LastUpgradeCheck = 0450;
			};
			buildConfigurationList = D6D7876016E93CFE00E1F86B /* Build configuration list for PBXProject "DrunkSpotting" */;
			compatibilityVersion = "Xcode 3.2";
			developmentRegion = English;
			hasScannedForEncodings = 0;
			knownRegions = (
				en,
			);
			mainGroup = D6D7875B16E93CFE00E1F86B;
			productRefGroup = D6D7876716E93CFE00E1F86B /* Products */;
			projectDirPath = "";
			projectRoot = "";
			targets = (
				D6D7876516E93CFE00E1F86B /* DrunkSpotting */,
				D65C911A16E9B98400AF1002 /* DrunkSpottingTest */,
			);
		};
/* End PBXProject section */

/* Begin PBXResourcesBuildPhase section */
		D65C911816E9B98400AF1002 /* Resources */ = {
			isa = PBXResourcesBuildPhase;
			buildActionMask = 2147483647;
			files = (
				D65C912516E9B98400AF1002 /* InfoPlist.strings in Resources */,
			);
			runOnlyForDeploymentPostprocessing = 0;
		};
		D6D7876416E93CFE00E1F86B /* Resources */ = {
			isa = PBXResourcesBuildPhase;
			buildActionMask = 2147483647;
			files = (
				D6D7877516E93CFE00E1F86B /* InfoPlist.strings in Resources */,
				D6D7877D16E93CFE00E1F86B /* Default.png in Resources */,
				D6D7877F16E93CFE00E1F86B /* Default@2x.png in Resources */,
				D6D7878116E93CFE00E1F86B /* Default-568h@2x.png in Resources */,
				D65C90D216E9581500AF1002 /* DrawingViewController.xib in Resources */,
				7E06597916E96EB200FE6432 /* FeedViewController.xib in Resources */,
				7E06598116E9765300FE6432 /* drunk3.jpg in Resources */,
				7E06598216E9765300FE6432 /* drunk2.jpg in Resources */,
				7E06598316E9765300FE6432 /* drunk1.jpg in Resources */,
			);
			runOnlyForDeploymentPostprocessing = 0;
		};
/* End PBXResourcesBuildPhase section */

/* Begin PBXShellScriptBuildPhase section */
		D65C911916E9B98400AF1002 /* ShellScript */ = {
			isa = PBXShellScriptBuildPhase;
			buildActionMask = 2147483647;
			files = (
			);
			inputPaths = (
			);
			outputPaths = (
			);
			runOnlyForDeploymentPostprocessing = 0;
			shellPath = /bin/sh;
			shellScript = "# Run the unit tests in this test bundle.\n\"${SYSTEM_DEVELOPER_DIR}/Tools/RunUnitTests\"\n";
		};
/* End PBXShellScriptBuildPhase section */

/* Begin PBXSourcesBuildPhase section */
		D65C911616E9B98400AF1002 /* Sources */ = {
			isa = PBXSourcesBuildPhase;
			buildActionMask = 2147483647;
			files = (
				D65C912816E9B98400AF1002 /* DrunkSpottingTest.m in Sources */,
			);
			runOnlyForDeploymentPostprocessing = 0;
		};
		D6D7876216E93CFE00E1F86B /* Sources */ = {
			isa = PBXSourcesBuildPhase;
			buildActionMask = 2147483647;
			files = (
				D6D7877716E93CFE00E1F86B /* main.m in Sources */,
				D6D7877B16E93CFE00E1F86B /* AppDelegate.m in Sources */,
				D65C90D116E9581500AF1002 /* DrawingViewController.m in Sources */,
				D65C90EC16E95C7800AF1002 /* AFHTTPClient.m in Sources */,
				D65C90ED16E95C7800AF1002 /* AFHTTPRequestOperation.m in Sources */,
				D65C90EE16E95C7800AF1002 /* AFImageRequestOperation.m in Sources */,
				D65C90EF16E95C7800AF1002 /* AFJSONRequestOperation.m in Sources */,
				D65C90F016E95C7800AF1002 /* AFNetworkActivityIndicatorManager.m in Sources */,
				D65C90F116E95C7800AF1002 /* AFPropertyListRequestOperation.m in Sources */,
				D65C90F216E95C7800AF1002 /* AFURLConnectionOperation.m in Sources */,
				D65C90F316E95C7800AF1002 /* AFXMLRequestOperation.m in Sources */,
				D65C90F416E95C7800AF1002 /* UIImageView+AFNetworking.m in Sources */,
				D65C90FA16E95C8E00AF1002 /* ACEDrawingTools.m in Sources */,
				D65C90FB16E95C8E00AF1002 /* ACEDrawingView.m in Sources */,
				7E06597816E96EB200FE6432 /* FeedViewController.m in Sources */,
				7E06597C16E972A000FE6432 /* PhotoCollectionViewCell.m in Sources */,
				EF2A83A816E980C9003E17ED /* Picture.m in Sources */,
				688AC996AE871D14D9B9F9DB /* Template.m in Sources */,
				688AC347398B054DAA125B77 /* TemplateService.m in Sources */,
			);
			runOnlyForDeploymentPostprocessing = 0;
		};
/* End PBXSourcesBuildPhase section */

/* Begin PBXVariantGroup section */
		D65C912316E9B98400AF1002 /* InfoPlist.strings */ = {
			isa = PBXVariantGroup;
			children = (
				D65C912416E9B98400AF1002 /* en */,
			);
			name = InfoPlist.strings;
			sourceTree = "<group>";
		};
		D6D7877316E93CFE00E1F86B /* InfoPlist.strings */ = {
			isa = PBXVariantGroup;
			children = (
				D6D7877416E93CFE00E1F86B /* en */,
			);
			name = InfoPlist.strings;
			sourceTree = "<group>";
		};
/* End PBXVariantGroup section */

/* Begin XCBuildConfiguration section */
		D65C912B16E9B98400AF1002 /* Debug */ = {
			isa = XCBuildConfiguration;
			buildSettings = {
				FRAMEWORK_SEARCH_PATHS = (
					"\"$(SDKROOT)/Developer/Library/Frameworks\"",
					"\"$(DEVELOPER_LIBRARY_DIR)/Frameworks\"",
				);
				GCC_PRECOMPILE_PREFIX_HEADER = YES;
				GCC_PREFIX_HEADER = "DrunkSpottingTest/DrunkSpottingTest-Prefix.pch";
				INFOPLIST_FILE = "DrunkSpottingTest/DrunkSpottingTest-Info.plist";
				PRODUCT_NAME = "$(TARGET_NAME)";
				WRAPPER_EXTENSION = octest;
			};
			name = Debug;
		};
		D65C912C16E9B98400AF1002 /* Release */ = {
			isa = XCBuildConfiguration;
			buildSettings = {
				FRAMEWORK_SEARCH_PATHS = (
					"\"$(SDKROOT)/Developer/Library/Frameworks\"",
					"\"$(DEVELOPER_LIBRARY_DIR)/Frameworks\"",
				);
				GCC_PRECOMPILE_PREFIX_HEADER = YES;
				GCC_PREFIX_HEADER = "DrunkSpottingTest/DrunkSpottingTest-Prefix.pch";
				INFOPLIST_FILE = "DrunkSpottingTest/DrunkSpottingTest-Info.plist";
				PRODUCT_NAME = "$(TARGET_NAME)";
				WRAPPER_EXTENSION = octest;
			};
			name = Release;
		};
		D6D7878216E93CFE00E1F86B /* Debug */ = {
			isa = XCBuildConfiguration;
			buildSettings = {
				ALWAYS_SEARCH_USER_PATHS = NO;
				CLANG_CXX_LANGUAGE_STANDARD = "gnu++0x";
				CLANG_CXX_LIBRARY = "libc++";
				CLANG_ENABLE_OBJC_ARC = YES;
				CLANG_WARN_EMPTY_BODY = YES;
				CLANG_WARN__DUPLICATE_METHOD_MATCH = YES;
				"CODE_SIGN_IDENTITY[sdk=iphoneos*]" = "iPhone Developer";
				COPY_PHASE_STRIP = NO;
				GCC_C_LANGUAGE_STANDARD = gnu99;
				GCC_DYNAMIC_NO_PIC = NO;
				GCC_OPTIMIZATION_LEVEL = 0;
				GCC_PREPROCESSOR_DEFINITIONS = (
					"DEBUG=1",
					"$(inherited)",
				);
				GCC_SYMBOLS_PRIVATE_EXTERN = NO;
				GCC_WARN_ABOUT_RETURN_TYPE = YES;
				GCC_WARN_UNINITIALIZED_AUTOS = YES;
				GCC_WARN_UNUSED_VARIABLE = YES;
				IPHONEOS_DEPLOYMENT_TARGET = 6.0;
				ONLY_ACTIVE_ARCH = YES;
				SDKROOT = iphoneos;
			};
			name = Debug;
		};
		D6D7878316E93CFE00E1F86B /* Release */ = {
			isa = XCBuildConfiguration;
			buildSettings = {
				ALWAYS_SEARCH_USER_PATHS = NO;
				CLANG_CXX_LANGUAGE_STANDARD = "gnu++0x";
				CLANG_CXX_LIBRARY = "libc++";
				CLANG_ENABLE_OBJC_ARC = YES;
				CLANG_WARN_EMPTY_BODY = YES;
				CLANG_WARN__DUPLICATE_METHOD_MATCH = YES;
				"CODE_SIGN_IDENTITY[sdk=iphoneos*]" = "iPhone Developer";
				COPY_PHASE_STRIP = YES;
				GCC_C_LANGUAGE_STANDARD = gnu99;
				GCC_WARN_ABOUT_RETURN_TYPE = YES;
				GCC_WARN_UNINITIALIZED_AUTOS = YES;
				GCC_WARN_UNUSED_VARIABLE = YES;
				IPHONEOS_DEPLOYMENT_TARGET = 6.0;
				OTHER_CFLAGS = "-DNS_BLOCK_ASSERTIONS=1";
				SDKROOT = iphoneos;
				VALIDATE_PRODUCT = YES;
			};
			name = Release;
		};
		D6D7878516E93CFE00E1F86B /* Debug */ = {
			isa = XCBuildConfiguration;
			buildSettings = {
				GCC_PRECOMPILE_PREFIX_HEADER = YES;
				GCC_PREFIX_HEADER = "DrunkSpotting/DrunkSpotting-Prefix.pch";
				INFOPLIST_FILE = "DrunkSpotting/DrunkSpotting-Info.plist";
				IPHONEOS_DEPLOYMENT_TARGET = 6.0;
				PRODUCT_NAME = "$(TARGET_NAME)";
				WRAPPER_EXTENSION = app;
			};
			name = Debug;
		};
		D6D7878616E93CFE00E1F86B /* Release */ = {
			isa = XCBuildConfiguration;
			buildSettings = {
				GCC_PRECOMPILE_PREFIX_HEADER = YES;
				GCC_PREFIX_HEADER = "DrunkSpotting/DrunkSpotting-Prefix.pch";
				INFOPLIST_FILE = "DrunkSpotting/DrunkSpotting-Info.plist";
				IPHONEOS_DEPLOYMENT_TARGET = 6.0;
				PRODUCT_NAME = "$(TARGET_NAME)";
				WRAPPER_EXTENSION = app;
			};
			name = Release;
		};
/* End XCBuildConfiguration section */

/* Begin XCConfigurationList section */
		D65C912A16E9B98400AF1002 /* Build configuration list for PBXNativeTarget "DrunkSpottingTest" */ = {
			isa = XCConfigurationList;
			buildConfigurations = (
				D65C912B16E9B98400AF1002 /* Debug */,
				D65C912C16E9B98400AF1002 /* Release */,
			);
			defaultConfigurationIsVisible = 0;
		};
		D6D7876016E93CFE00E1F86B /* Build configuration list for PBXProject "DrunkSpotting" */ = {
			isa = XCConfigurationList;
			buildConfigurations = (
				D6D7878216E93CFE00E1F86B /* Debug */,
				D6D7878316E93CFE00E1F86B /* Release */,
			);
			defaultConfigurationIsVisible = 0;
			defaultConfigurationName = Release;
		};
		D6D7878416E93CFE00E1F86B /* Build configuration list for PBXNativeTarget "DrunkSpotting" */ = {
			isa = XCConfigurationList;
			buildConfigurations = (
				D6D7878516E93CFE00E1F86B /* Debug */,
				D6D7878616E93CFE00E1F86B /* Release */,
			);
			defaultConfigurationIsVisible = 0;
			defaultConfigurationName = Release;
		};
/* End XCConfigurationList section */
	};
	rootObject = D6D7875D16E93CFE00E1F86B /* Project object */;
}
